PODS:
  - Alamofire (4.8.1)
  - ChameleonFramework/Default (2.1.0)
  - ChameleonFramework/Swift (2.1.0):
    - ChameleonFramework/Default
  - SVProgressHUD (2.2.5)
  - SwiftyJSON (4.2.0)
  - T1Autograph (2.0.3)

DEPENDENCIES:
  - Alamofire
  - ChameleonFramework/Swift (from `https://github.com/ViccAlexander/Chameleon.git`)
  - SVProgressHUD
  - SwiftyJSON (~> 4.1)
  - T1Autograph (~> 2.0)

SPEC REPOS:
  https://github.com/cocoapods/specs.git:
    - Alamofire
    - SVProgressHUD
    - SwiftyJSON
    - T1Autograph

EXTERNAL SOURCES:
  ChameleonFramework:
    :git: https://github.com/ViccAlexander/Chameleon.git

CHECKOUT OPTIONS:
  ChameleonFramework:
    :commit: 6dd284bde21ea2e7f9fd89bc36f40df16e16369d
    :git: https://github.com/ViccAlexander/Chameleon.git

SPEC CHECKSUMS:
  Alamofire: 16ce2c353fb72865124ddae8a57c5942388f4f11
  ChameleonFramework: d21a3cc247abfe5e37609a283a8238b03575cf64
  SVProgressHUD: 1428aafac632c1f86f62aa4243ec12008d7a51d6
  SwiftyJSON: c4bcba26dd9ec7a027fc8eade48e2c911f229e96
  T1Autograph: fda34145e3b9be9e93b1ca36e10d76581977889b

PODFILE CHECKSUM: c76cfae866fd23023a52882d20a526ed4cc2de3e

COCOAPODS: 1.5.3
